// !$*UTF8*$!
{
	archiveVersion = 1;
	classes = {
	};
	objectVersion = 48;
	objects = {

/* Begin PBXBuildFile section */
		028B589B1DD3D0D3D8ED086B /* Pods_MyChatApp.framework in Frameworks */ = {isa = PBXBuildFile; fileRef = 1DF04D62BCD9CA5ED81A9071 /* Pods_MyChatApp.framework */; };
		5C1BFE701FEF9BC90065F713 /* PhotoModel.swift in Sources */ = {isa = PBXBuildFile; fileRef = 5C1BFE6F1FEF9BC90065F713 /* PhotoModel.swift */; };
		5C1BFE721FEF9D8A0065F713 /* PhotoBuilder.swift in Sources */ = {isa = PBXBuildFile; fileRef = 5C1BFE711FEF9D8A0065F713 /* PhotoBuilder.swift */; };
		5C1BFE741FEFA0F30065F713 /* PhotoHandler.swift in Sources */ = {isa = PBXBuildFile; fileRef = 5C1BFE731FEFA0F30065F713 /* PhotoHandler.swift */; };
		5C1BFE761FEFD0520065F713 /* GoogleService-Info.plist in Resources */ = {isa = PBXBuildFile; fileRef = 5C1BFE751FEFD0520065F713 /* GoogleService-Info.plist */; };
		5C1BFE781FEFD2970065F713 /* SignInViewController.swift in Sources */ = {isa = PBXBuildFile; fileRef = 5C1BFE771FEFD2970065F713 /* SignInViewController.swift */; };
		5C1BFE7A1FEFD2BA0065F713 /* SignUpViewController.swift in Sources */ = {isa = PBXBuildFile; fileRef = 5C1BFE791FEFD2BA0065F713 /* SignUpViewController.swift */; };
		5C1BFE7C1FEFD75F0065F713 /* Helpers.swift in Sources */ = {isa = PBXBuildFile; fileRef = 5C1BFE7B1FEFD75F0065F713 /* Helpers.swift */; };
		5CEA68D51FEF79900071B6C3 /* AppDelegate.swift in Sources */ = {isa = PBXBuildFile; fileRef = 5CEA68D41FEF79900071B6C3 /* AppDelegate.swift */; };
		5CEA68D71FEF79900071B6C3 /* ChatLogController.swift in Sources */ = {isa = PBXBuildFile; fileRef = 5CEA68D61FEF79900071B6C3 /* ChatLogController.swift */; };
		5CEA68DA1FEF79900071B6C3 /* Main.storyboard in Resources */ = {isa = PBXBuildFile; fileRef = 5CEA68D81FEF79900071B6C3 /* Main.storyboard */; };
		5CEA68DC1FEF79900071B6C3 /* Assets.xcassets in Resources */ = {isa = PBXBuildFile; fileRef = 5CEA68DB1FEF79900071B6C3 /* Assets.xcassets */; };
		5CEA68DF1FEF79900071B6C3 /* LaunchScreen.storyboard in Resources */ = {isa = PBXBuildFile; fileRef = 5CEA68DD1FEF79900071B6C3 /* LaunchScreen.storyboard */; };
		5CEA68E81FEF7F690071B6C3 /* TextModel.swift in Sources */ = {isa = PBXBuildFile; fileRef = 5CEA68E71FEF7F690071B6C3 /* TextModel.swift */; };
		5CEA68EA1FEF81420071B6C3 /* DataSource.swift in Sources */ = {isa = PBXBuildFile; fileRef = 5CEA68E91FEF81420071B6C3 /* DataSource.swift */; };
		5CEA68EC1FEF81D90071B6C3 /* ChatItemsController.swift in Sources */ = {isa = PBXBuildFile; fileRef = 5CEA68EB1FEF81D90071B6C3 /* ChatItemsController.swift */; };
		5CEA68EE1FEF86C80071B6C3 /* Decorator.swift in Sources */ = {isa = PBXBuildFile; fileRef = 5CEA68ED1FEF86C80071B6C3 /* Decorator.swift */; };
		5CEA68F01FEF8A040071B6C3 /* TextBuilder.swift in Sources */ = {isa = PBXBuildFile; fileRef = 5CEA68EF1FEF8A040071B6C3 /* TextBuilder.swift */; };
		5CEA68F21FEF8CB80071B6C3 /* TextHandler.swift in Sources */ = {isa = PBXBuildFile; fileRef = 5CEA68F11FEF8CB80071B6C3 /* TextHandler.swift */; };
/* End PBXBuildFile section */

/* Begin PBXFileReference section */
		1DF04D62BCD9CA5ED81A9071 /* Pods_MyChatApp.framework */ = {isa = PBXFileReference; explicitFileType = wrapper.framework; includeInIndex = 0; path = Pods_MyChatApp.framework; sourceTree = BUILT_PRODUCTS_DIR; };
		2AC45F840DD8C35356E6E70E /* Pods-MyChatApp.debug.xcconfig */ = {isa = PBXFileReference; includeInIndex = 1; lastKnownFileType = text.xcconfig; name = "Pods-MyChatApp.debug.xcconfig"; path = "Pods/Target Support Files/Pods-MyChatApp/Pods-MyChatApp.debug.xcconfig"; sourceTree = "<group>"; };
		5C1BFE6F1FEF9BC90065F713 /* PhotoModel.swift */ = {isa = PBXFileReference; lastKnownFileType = sourcecode.swift; path = PhotoModel.swift; sourceTree = "<group>"; };
		5C1BFE711FEF9D8A0065F713 /* PhotoBuilder.swift */ = {isa = PBXFileReference; lastKnownFileType = sourcecode.swift; path = PhotoBuilder.swift; sourceTree = "<group>"; };
		5C1BFE731FEFA0F30065F713 /* PhotoHandler.swift */ = {isa = PBXFileReference; lastKnownFileType = sourcecode.swift; path = PhotoHandler.swift; sourceTree = "<group>"; };
		5C1BFE751FEFD0520065F713 /* GoogleService-Info.plist */ = {isa = PBXFileReference; fileEncoding = 4; lastKnownFileType = text.plist.xml; path = "GoogleService-Info.plist"; sourceTree = "<group>"; };
		5C1BFE771FEFD2970065F713 /* SignInViewController.swift */ = {isa = PBXFileReference; lastKnownFileType = sourcecode.swift; path = SignInViewController.swift; sourceTree = "<group>"; };
		5C1BFE791FEFD2BA0065F713 /* SignUpViewController.swift */ = {isa = PBXFileReference; lastKnownFileType = sourcecode.swift; path = SignUpViewController.swift; sourceTree = "<group>"; };
		5C1BFE7B1FEFD75F0065F713 /* Helpers.swift */ = {isa = PBXFileReference; lastKnownFileType = sourcecode.swift; path = Helpers.swift; sourceTree = "<group>"; };
		5CEA68D11FEF79900071B6C3 /* MyChatApp.app */ = {isa = PBXFileReference; explicitFileType = wrapper.application; includeInIndex = 0; path = MyChatApp.app; sourceTree = BUILT_PRODUCTS_DIR; };
		5CEA68D41FEF79900071B6C3 /* AppDelegate.swift */ = {isa = PBXFileReference; lastKnownFileType = sourcecode.swift; path = AppDelegate.swift; sourceTree = "<group>"; };
		5CEA68D61FEF79900071B6C3 /* ChatLogController.swift */ = {isa = PBXFileReference; lastKnownFileType = sourcecode.swift; path = ChatLogController.swift; sourceTree = "<group>"; };
		5CEA68D91FEF79900071B6C3 /* Base */ = {isa = PBXFileReference; lastKnownFileType = file.storyboard; name = Base; path = Base.lproj/Main.storyboard; sourceTree = "<group>"; };
		5CEA68DB1FEF79900071B6C3 /* Assets.xcassets */ = {isa = PBXFileReference; lastKnownFileType = folder.assetcatalog; path = Assets.xcassets; sourceTree = "<group>"; };
		5CEA68DE1FEF79900071B6C3 /* Base */ = {isa = PBXFileReference; lastKnownFileType = file.storyboard; name = Base; path = Base.lproj/LaunchScreen.storyboard; sourceTree = "<group>"; };
		5CEA68E01FEF79900071B6C3 /* Info.plist */ = {isa = PBXFileReference; lastKnownFileType = text.plist.xml; path = Info.plist; sourceTree = "<group>"; };
		5CEA68E71FEF7F690071B6C3 /* TextModel.swift */ = {isa = PBXFileReference; lastKnownFileType = sourcecode.swift; path = TextModel.swift; sourceTree = "<group>"; };
		5CEA68E91FEF81420071B6C3 /* DataSource.swift */ = {isa = PBXFileReference; lastKnownFileType = sourcecode.swift; path = DataSource.swift; sourceTree = "<group>"; };
		5CEA68EB1FEF81D90071B6C3 /* ChatItemsController.swift */ = {isa = PBXFileReference; lastKnownFileType = sourcecode.swift; path = ChatItemsController.swift; sourceTree = "<group>"; };
		5CEA68ED1FEF86C80071B6C3 /* Decorator.swift */ = {isa = PBXFileReference; lastKnownFileType = sourcecode.swift; path = Decorator.swift; sourceTree = "<group>"; };
		5CEA68EF1FEF8A040071B6C3 /* TextBuilder.swift */ = {isa = PBXFileReference; lastKnownFileType = sourcecode.swift; path = TextBuilder.swift; sourceTree = "<group>"; };
		5CEA68F11FEF8CB80071B6C3 /* TextHandler.swift */ = {isa = PBXFileReference; lastKnownFileType = sourcecode.swift; path = TextHandler.swift; sourceTree = "<group>"; };
		8CF7023168FDDCC06B779EE2 /* Pods-MyChatApp.release.xcconfig */ = {isa = PBXFileReference; includeInIndex = 1; lastKnownFileType = text.xcconfig; name = "Pods-MyChatApp.release.xcconfig"; path = "Pods/Target Support Files/Pods-MyChatApp/Pods-MyChatApp.release.xcconfig"; sourceTree = "<group>"; };
/* End PBXFileReference section */

/* Begin PBXFrameworksBuildPhase section */
		5CEA68CE1FEF79900071B6C3 /* Frameworks */ = {
			isa = PBXFrameworksBuildPhase;
			buildActionMask = 2147483647;
			files = (
				028B589B1DD3D0D3D8ED086B /* Pods_MyChatApp.framework in Frameworks */,
			);
			runOnlyForDeploymentPostprocessing = 0;
		};
/* End PBXFrameworksBuildPhase section */

/* Begin PBXGroup section */
		5C1BFE6E1FEF9BAC0065F713 /* Photo Message */ = {
			isa = PBXGroup;
			children = (
				5C1BFE6F1FEF9BC90065F713 /* PhotoModel.swift */,
				5C1BFE711FEF9D8A0065F713 /* PhotoBuilder.swift */,
				5C1BFE731FEFA0F30065F713 /* PhotoHandler.swift */,
			);
			path = "Photo Message";
			sourceTree = "<group>";
		};
		5CEA68C81FEF79900071B6C3 = {
			isa = PBXGroup;
			children = (
				5CEA68D31FEF79900071B6C3 /* MyChatApp */,
				5CEA68D21FEF79900071B6C3 /* Products */,
				E9FB5DDD6D06F95619C6411C /* Pods */,
				E0CDD27B1D5CDC794ABD4A7F /* Frameworks */,
			);
			sourceTree = "<group>";
		};
		5CEA68D21FEF79900071B6C3 /* Products */ = {
			isa = PBXGroup;
			children = (
				5CEA68D11FEF79900071B6C3 /* MyChatApp.app */,
			);
			name = Products;
			sourceTree = "<group>";
		};
		5CEA68D31FEF79900071B6C3 /* MyChatApp */ = {
			isa = PBXGroup;
			children = (
				5CEA68D41FEF79900071B6C3 /* AppDelegate.swift */,
				5CEA68D61FEF79900071B6C3 /* ChatLogController.swift */,
				5CEA68D81FEF79900071B6C3 /* Main.storyboard */,
				5CEA68DB1FEF79900071B6C3 /* Assets.xcassets */,
				5CEA68DD1FEF79900071B6C3 /* LaunchScreen.storyboard */,
				5C1BFE6E1FEF9BAC0065F713 /* Photo Message */,
				5CEA68E61FEF7F4C0071B6C3 /* Text Message */,
				5CEA68E01FEF79900071B6C3 /* Info.plist */,
				5C1BFE751FEFD0520065F713 /* GoogleService-Info.plist */,
				5CEA68E91FEF81420071B6C3 /* DataSource.swift */,
				5CEA68EB1FEF81D90071B6C3 /* ChatItemsController.swift */,
				5CEA68ED1FEF86C80071B6C3 /* Decorator.swift */,
				5C1BFE771FEFD2970065F713 /* SignInViewController.swift */,
				5C1BFE791FEFD2BA0065F713 /* SignUpViewController.swift */,
				5C1BFE7B1FEFD75F0065F713 /* Helpers.swift */,
			);
			path = MyChatApp;
			sourceTree = "<group>";
		};
		5CEA68E61FEF7F4C0071B6C3 /* Text Message */ = {
			isa = PBXGroup;
			children = (
				5CEA68E71FEF7F690071B6C3 /* TextModel.swift */,
				5CEA68EF1FEF8A040071B6C3 /* TextBuilder.swift */,
				5CEA68F11FEF8CB80071B6C3 /* TextHandler.swift */,
			);
			path = "Text Message";
			sourceTree = "<group>";
		};
		E0CDD27B1D5CDC794ABD4A7F /* Frameworks */ = {
			isa = PBXGroup;
			children = (
				1DF04D62BCD9CA5ED81A9071 /* Pods_MyChatApp.framework */,
			);
			name = Frameworks;
			sourceTree = "<group>";
		};
		E9FB5DDD6D06F95619C6411C /* Pods */ = {
			isa = PBXGroup;
			children = (
				2AC45F840DD8C35356E6E70E /* Pods-MyChatApp.debug.xcconfig */,
				8CF7023168FDDCC06B779EE2 /* Pods-MyChatApp.release.xcconfig */,
			);
			name = Pods;
			sourceTree = "<group>";
		};
/* End PBXGroup section */

/* Begin PBXNativeTarget section */
		5CEA68D01FEF79900071B6C3 /* MyChatApp */ = {
			isa = PBXNativeTarget;
			buildConfigurationList = 5CEA68E31FEF79900071B6C3 /* Build configuration list for PBXNativeTarget "MyChatApp" */;
			buildPhases = (
				083280E25DBA61FB8E9AA5D1 /* [CP] Check Pods Manifest.lock */,
				5CEA68CD1FEF79900071B6C3 /* Sources */,
				5CEA68CE1FEF79900071B6C3 /* Frameworks */,
				5CEA68CF1FEF79900071B6C3 /* Resources */,
				216154738BE66AD7A7B77423 /* [CP] Embed Pods Frameworks */,
				4DC7AEBD22729A77932111A4 /* [CP] Copy Pods Resources */,
			);
			buildRules = (
			);
			dependencies = (
			);
			name = MyChatApp;
			productName = MyChatApp;
			productReference = 5CEA68D11FEF79900071B6C3 /* MyChatApp.app */;
			productType = "com.apple.product-type.application";
		};
/* End PBXNativeTarget section */

/* Begin PBXProject section */
		5CEA68C91FEF79900071B6C3 /* Project object */ = {
			isa = PBXProject;
			attributes = {
				LastSwiftUpdateCheck = 0920;
				LastUpgradeCheck = 0920;
				ORGANIZATIONNAME = certainly;
				TargetAttributes = {
					5CEA68D01FEF79900071B6C3 = {
						CreatedOnToolsVersion = 9.2;
						ProvisioningStyle = Automatic;
					};
				};
			};
			buildConfigurationList = 5CEA68CC1FEF79900071B6C3 /* Build configuration list for PBXProject "MyChatApp" */;
			compatibilityVersion = "Xcode 8.0";
			developmentRegion = en;
			hasScannedForEncodings = 0;
			knownRegions = (
				en,
				Base,
			);
			mainGroup = 5CEA68C81FEF79900071B6C3;
			productRefGroup = 5CEA68D21FEF79900071B6C3 /* Products */;
			projectDirPath = "";
			projectRoot = "";
			targets = (
				5CEA68D01FEF79900071B6C3 /* MyChatApp */,
			);
		};
/* End PBXProject section */

/* Begin PBXResourcesBuildPhase section */
		5CEA68CF1FEF79900071B6C3 /* Resources */ = {
			isa = PBXResourcesBuildPhase;
			buildActionMask = 2147483647;
			files = (
				5CEA68DF1FEF79900071B6C3 /* LaunchScreen.storyboard in Resources */,
				5C1BFE761FEFD0520065F713 /* GoogleService-Info.plist in Resources */,
				5CEA68DC1FEF79900071B6C3 /* Assets.xcassets in Resources */,
				5CEA68DA1FEF79900071B6C3 /* Main.storyboard in Resources */,
			);
			runOnlyForDeploymentPostprocessing = 0;
		};
/* End PBXResourcesBuildPhase section */

/* Begin PBXShellScriptBuildPhase section */
		083280E25DBA61FB8E9AA5D1 /* [CP] Check Pods Manifest.lock */ = {
			isa = PBXShellScriptBuildPhase;
			buildActionMask = 2147483647;
			files = (
			);
			inputPaths = (
				"${PODS_PODFILE_DIR_PATH}/Podfile.lock",
				"${PODS_ROOT}/Manifest.lock",
			);
			name = "[CP] Check Pods Manifest.lock";
			outputPaths = (
				"$(DERIVED_FILE_DIR)/Pods-MyChatApp-checkManifestLockResult.txt",
			);
			runOnlyForDeploymentPostprocessing = 0;
			shellPath = /bin/sh;
			shellScript = "diff \"${PODS_PODFILE_DIR_PATH}/Podfile.lock\" \"${PODS_ROOT}/Manifest.lock\" > /dev/null\nif [ $? != 0 ] ; then\n    # print error to STDERR\n    echo \"error: The sandbox is not in sync with the Podfile.lock. Run 'pod install' or update your CocoaPods installation.\" >&2\n    exit 1\nfi\n# This output is used by Xcode 'outputs' to avoid re-running this script phase.\necho \"SUCCESS\" > \"${SCRIPT_OUTPUT_FILE_0}\"\n";
			showEnvVarsInLog = 0;
		};
		216154738BE66AD7A7B77423 /* [CP] Embed Pods Frameworks */ = {
			isa = PBXShellScriptBuildPhase;
			buildActionMask = 2147483647;
			files = (
			);
			inputPaths = (
				"${SRCROOT}/Pods/Target Support Files/Pods-MyChatApp/Pods-MyChatApp-frameworks.sh",
				"${BUILT_PRODUCTS_DIR}/Chatto/Chatto.framework",
				"${BUILT_PRODUCTS_DIR}/ChattoAdditions/ChattoAdditions.framework",
				"${BUILT_PRODUCTS_DIR}/GTMSessionFetcher/GTMSessionFetcher.framework",
				"${BUILT_PRODUCTS_DIR}/GoogleToolboxForMac/GoogleToolboxForMac.framework",
				"${BUILT_PRODUCTS_DIR}/leveldb-library/leveldb.framework",
				"${BUILT_PRODUCTS_DIR}/nanopb/nanopb.framework",
			);
			name = "[CP] Embed Pods Frameworks";
			outputPaths = (
				"${TARGET_BUILD_DIR}/${FRAMEWORKS_FOLDER_PATH}/Chatto.framework",
				"${TARGET_BUILD_DIR}/${FRAMEWORKS_FOLDER_PATH}/ChattoAdditions.framework",
				"${TARGET_BUILD_DIR}/${FRAMEWORKS_FOLDER_PATH}/GTMSessionFetcher.framework",
				"${TARGET_BUILD_DIR}/${FRAMEWORKS_FOLDER_PATH}/GoogleToolboxForMac.framework",
				"${TARGET_BUILD_DIR}/${FRAMEWORKS_FOLDER_PATH}/leveldb.framework",
				"${TARGET_BUILD_DIR}/${FRAMEWORKS_FOLDER_PATH}/nanopb.framework",
			);
			runOnlyForDeploymentPostprocessing = 0;
			shellPath = /bin/sh;
			shellScript = "\"${SRCROOT}/Pods/Target Support Files/Pods-MyChatApp/Pods-MyChatApp-frameworks.sh\"\n";
			showEnvVarsInLog = 0;
		};
		4DC7AEBD22729A77932111A4 /* [CP] Copy Pods Resources */ = {
			isa = PBXShellScriptBuildPhase;
			buildActionMask = 2147483647;
			files = (
			);
			inputPaths = (
			);
			name = "[CP] Copy Pods Resources";
			outputPaths = (
			);
			runOnlyForDeploymentPostprocessing = 0;
			shellPath = /bin/sh;
			shellScript = "\"${SRCROOT}/Pods/Target Support Files/Pods-MyChatApp/Pods-MyChatApp-resources.sh\"\n";
			showEnvVarsInLog = 0;
		};
/* End PBXShellScriptBuildPhase section */

/* Begin PBXSourcesBuildPhase section */
		5CEA68CD1FEF79900071B6C3 /* Sources */ = {
			isa = PBXSourcesBuildPhase;
			buildActionMask = 2147483647;
			files = (
				5C1BFE721FEF9D8A0065F713 /* PhotoBuilder.swift in Sources */,
				5C1BFE7C1FEFD75F0065F713 /* Helpers.swift in Sources */,
				5C1BFE701FEF9BC90065F713 /* PhotoModel.swift in Sources */,
				5CEA68F01FEF8A040071B6C3 /* TextBuilder.swift in Sources */,
				5CEA68E81FEF7F690071B6C3 /* TextModel.swift in Sources */,
				5CEA68D71FEF79900071B6C3 /* ChatLogController.swift in Sources */,
				5CEA68EA1FEF81420071B6C3 /* DataSource.swift in Sources */,
				5CEA68D51FEF79900071B6C3 /* AppDelegate.swift in Sources */,
				5C1BFE741FEFA0F30065F713 /* PhotoHandler.swift in Sources */,
				5C1BFE781FEFD2970065F713 /* SignInViewController.swift in Sources */,
				5CEA68EC1FEF81D90071B6C3 /* ChatItemsController.swift in Sources */,
				5CEA68EE1FEF86C80071B6C3 /* Decorator.swift in Sources */,
				5C1BFE7A1FEFD2BA0065F713 /* SignUpViewController.swift in Sources */,
				5CEA68F21FEF8CB80071B6C3 /* TextHandler.swift in Sources */,
			);
			runOnlyForDeploymentPostprocessing = 0;
		};
/* End PBXSourcesBuildPhase section */

/* Begin PBXVariantGroup section */
		5CEA68D81FEF79900071B6C3 /* Main.storyboard */ = {
			isa = PBXVariantGroup;
			children = (
				5CEA68D91FEF79900071B6C3 /* Base */,
			);
			name = Main.storyboard;
			sourceTree = "<group>";
		};
		5CEA68DD1FEF79900071B6C3 /* LaunchScreen.storyboard */ = {
			isa = PBXVariantGroup;
			children = (
				5CEA68DE1FEF79900071B6C3 /* Base */,
			);
			name = LaunchScreen.storyboard;
			sourceTree = "<group>";
		};
/* End PBXVariantGroup section */

/* Begin XCBuildConfiguration section */
		5CEA68E11FEF79900071B6C3 /* Debug */ = {
			isa = XCBuildConfiguration;
			buildSettings = {
				ALWAYS_SEARCH_USER_PATHS = NO;
				CLANG_ANALYZER_NONNULL = YES;
				CLANG_ANALYZER_NUMBER_OBJECT_CONVERSION = YES_AGGRESSIVE;
				CLANG_CXX_LANGUAGE_STANDARD = "gnu++14";
				CLANG_CXX_LIBRARY = "libc++";
				CLANG_ENABLE_MODULES = YES;
				CLANG_ENABLE_OBJC_ARC = YES;
				CLANG_WARN_BLOCK_CAPTURE_AUTORELEASING = YES;
				CLANG_WARN_BOOL_CONVERSION = YES;
				CLANG_WARN_COMMA = YES;
				CLANG_WARN_CONSTANT_CONVERSION = YES;
				CLANG_WARN_DIRECT_OBJC_ISA_USAGE = YES_ERROR;
				CLANG_WARN_DOCUMENTATION_COMMENTS = YES;
				CLANG_WARN_EMPTY_BODY = YES;
				CLANG_WARN_ENUM_CONVERSION = YES;
				CLANG_WARN_INFINITE_RECURSION = YES;
				CLANG_WARN_INT_CONVERSION = YES;
				CLANG_WARN_NON_LITERAL_NULL_CONVERSION = YES;
				CLANG_WARN_OBJC_LITERAL_CONVERSION = YES;
				CLANG_WARN_OBJC_ROOT_CLASS = YES_ERROR;
				CLANG_WARN_RANGE_LOOP_ANALYSIS = YES;
				CLANG_WARN_STRICT_PROTOTYPES = YES;
				CLANG_WARN_SUSPICIOUS_MOVE = YES;
				CLANG_WARN_UNGUARDED_AVAILABILITY = YES_AGGRESSIVE;
				CLANG_WARN_UNREACHABLE_CODE = YES;
				CLANG_WARN__DUPLICATE_METHOD_MATCH = YES;
				CODE_SIGN_IDENTITY = "iPhone Developer";
				COPY_PHASE_STRIP = NO;
				DEBUG_INFORMATION_FORMAT = dwarf;
				ENABLE_STRICT_OBJC_MSGSEND = YES;
				ENABLE_TESTABILITY = YES;
				GCC_C_LANGUAGE_STANDARD = gnu11;
				GCC_DYNAMIC_NO_PIC = NO;
				GCC_NO_COMMON_BLOCKS = YES;
				GCC_OPTIMIZATION_LEVEL = 0;
				GCC_PREPROCESSOR_DEFINITIONS = (
					"DEBUG=1",
					"$(inherited)",
				);
				GCC_WARN_64_TO_32_BIT_CONVERSION = YES;
				GCC_WARN_ABOUT_RETURN_TYPE = YES_ERROR;
				GCC_WARN_UNDECLARED_SELECTOR = YES;
				GCC_WARN_UNINITIALIZED_AUTOS = YES_AGGRESSIVE;
				GCC_WARN_UNUSED_FUNCTION = YES;
				GCC_WARN_UNUSED_VARIABLE = YES;
				IPHONEOS_DEPLOYMENT_TARGET = 11.2;
				MTL_ENABLE_DEBUG_INFO = YES;
				ONLY_ACTIVE_ARCH = YES;
				SDKROOT = iphoneos;
				SWIFT_ACTIVE_COMPILATION_CONDITIONS = DEBUG;
				SWIFT_OPTIMIZATION_LEVEL = "-Onone";
			};
			name = Debug;
		};
		5CEA68E21FEF79900071B6C3 /* Release */ = {
			isa = XCBuildConfiguration;
			buildSettings = {
				ALWAYS_SEARCH_USER_PATHS = NO;
				CLANG_ANALYZER_NONNULL = YES;
				CLANG_ANALYZER_NUMBER_OBJECT_CONVERSION = YES_AGGRESSIVE;
				CLANG_CXX_LANGUAGE_STANDARD = "gnu++14";
				CLANG_CXX_LIBRARY = "libc++";
				CLANG_ENABLE_MODULES = YES;
				CLANG_ENABLE_OBJC_ARC = YES;
				CLANG_WARN_BLOCK_CAPTURE_AUTORELEASING = YES;
				CLANG_WARN_BOOL_CONVERSION = YES;
				CLANG_WARN_COMMA = YES;
				CLANG_WARN_CONSTANT_CONVERSION = YES;
				CLANG_WARN_DIRECT_OBJC_ISA_USAGE = YES_ERROR;
				CLANG_WARN_DOCUMENTATION_COMMENTS = YES;
				CLANG_WARN_EMPTY_BODY = YES;
				CLANG_WARN_ENUM_CONVERSION = YES;
				CLANG_WARN_INFINITE_RECURSION = YES;
				CLANG_WARN_INT_CONVERSION = YES;
				CLANG_WARN_NON_LITERAL_NULL_CONVERSION = YES;
				CLANG_WARN_OBJC_LITERAL_CONVERSION = YES;
				CLANG_WARN_OBJC_ROOT_CLASS = YES_ERROR;
				CLANG_WARN_RANGE_LOOP_ANALYSIS = YES;
				CLANG_WARN_STRICT_PROTOTYPES = YES;
				CLANG_WARN_SUSPICIOUS_MOVE = YES;
				CLANG_WARN_UNGUARDED_AVAILABILITY = YES_AGGRESSIVE;
				CLANG_WARN_UNREACHABLE_CODE = YES;
				CLANG_WARN__DUPLICATE_METHOD_MATCH = YES;
				CODE_SIGN_IDENTITY = "iPhone Developer";
				COPY_PHASE_STRIP = NO;
				DEBUG_INFORMATION_FORMAT = "dwarf-with-dsym";
				ENABLE_NS_ASSERTIONS = NO;
				ENABLE_STRICT_OBJC_MSGSEND = YES;
				GCC_C_LANGUAGE_STANDARD = gnu11;
				GCC_NO_COMMON_BLOCKS = YES;
				GCC_WARN_64_TO_32_BIT_CONVERSION = YES;
				GCC_WARN_ABOUT_RETURN_TYPE = YES_ERROR;
				GCC_WARN_UNDECLARED_SELECTOR = YES;
				GCC_WARN_UNINITIALIZED_AUTOS = YES_AGGRESSIVE;
				GCC_WARN_UNUSED_FUNCTION = YES;
				GCC_WARN_UNUSED_VARIABLE = YES;
				IPHONEOS_DEPLOYMENT_TARGET = 11.2;
				MTL_ENABLE_DEBUG_INFO = NO;
				SDKROOT = iphoneos;
				SWIFT_OPTIMIZATION_LEVEL = "-Owholemodule";
				VALIDATE_PRODUCT = YES;
			};
			name = Release;
		};
		5CEA68E41FEF79900071B6C3 /* Debug */ = {
			isa = XCBuildConfiguration;
			baseConfigurationReference = 2AC45F840DD8C35356E6E70E /* Pods-MyChatApp.debug.xcconfig */;
			buildSettings = {
				ASSETCATALOG_COMPILER_APPICON_NAME = AppIcon;
				CODE_SIGN_STYLE = Automatic;
				DEVELOPMENT_TEAM = 2BE89PGHN9;
				INFOPLIST_FILE = MyChatApp/Info.plist;
				LD_RUNPATH_SEARCH_PATHS = "$(inherited) @executable_path/Frameworks";
				PRODUCT_BUNDLE_IDENTIFIER = com.certainly.MyChatApp;
				PRODUCT_NAME = "$(TARGET_NAME)";
				SWIFT_VERSION = 4.0;
				TARGETED_DEVICE_FAMILY = "1,2";
			};
			name = Debug;
		};
		5CEA68E51FEF79900071B6C3 /* Release */ = {
			isa = XCBuildConfiguration;
			baseConfigurationReference = 8CF7023168FDDCC06B779EE2 /* Pods-MyChatApp.release.xcconfig */;
			buildSettings = {
				ASSETCATALOG_COMPILER_APPICON_NAME = AppIcon;
				CODE_SIGN_STYLE = Automatic;
				DEVELOPMENT_TEAM = 2BE89PGHN9;
				INFOPLIST_FILE = MyChatApp/Info.plist;
				LD_RUNPATH_SEARCH_PATHS = "$(inherited) @executable_path/Frameworks";
				PRODUCT_BUNDLE_IDENTIFIER = com.certainly.MyChatApp;
				PRODUCT_NAME = "$(TARGET_NAME)";
				SWIFT_VERSION = 4.0;
				TARGETED_DEVICE_FAMILY = "1,2";
			};
			name = Release;
		};
/* End XCBuildConfiguration section */

/* Begin XCConfigurationList section */
		5CEA68CC1FEF79900071B6C3 /* Build configuration list for PBXProject "MyChatApp" */ = {
			isa = XCConfigurationList;
			buildConfigurations = (
				5CEA68E11FEF79900071B6C3 /* Debug */,
				5CEA68E21FEF79900071B6C3 /* Release */,
			);
			defaultConfigurationIsVisible = 0;
			defaultConfigurationName = Release;
		};
		5CEA68E31FEF79900071B6C3 /* Build configuration list for PBXNativeTarget "MyChatApp" */ = {
			isa = XCConfigurationList;
			buildConfigurations = (
				5CEA68E41FEF79900071B6C3 /* Debug */,
				5CEA68E51FEF79900071B6C3 /* Release */,
			);
			defaultConfigurationIsVisible = 0;
			defaultConfigurationName = Release;
		};
/* End XCConfigurationList section */
	};
	rootObject = 5CEA68C91FEF79900071B6C3 /* Project object */;
}
